// !$*UTF8*$!
{
	archiveVersion = 1;
	classes = {
	};
	objectVersion = 55;
	objects = {

/* Begin PBXBuildFile section */
		3212317889EBD0D7D33DBD25 /* Pods_NewsApp.framework in Frameworks */ = {isa = PBXBuildFile; fileRef = F6C2B72FD297DBDF422A5E7E /* Pods_NewsApp.framework */; };
		E160C3EF28E5E38000AF9559 /* RealMObjects.swift in Sources */ = {isa = PBXBuildFile; fileRef = E160C3EE28E5E38000AF9559 /* RealMObjects.swift */; };
		E1B0030B28DD62960090BB12 /* AppDelegate.swift in Sources */ = {isa = PBXBuildFile; fileRef = E1B0030A28DD62960090BB12 /* AppDelegate.swift */; };
		E1B0030D28DD62960090BB12 /* SceneDelegate.swift in Sources */ = {isa = PBXBuildFile; fileRef = E1B0030C28DD62960090BB12 /* SceneDelegate.swift */; };
		E1B0030F28DD62960090BB12 /* HomeViewController.swift in Sources */ = {isa = PBXBuildFile; fileRef = E1B0030E28DD62960090BB12 /* HomeViewController.swift */; };
		E1B0031428DD62990090BB12 /* Assets.xcassets in Resources */ = {isa = PBXBuildFile; fileRef = E1B0031328DD62990090BB12 /* Assets.xcassets */; };
		E1B0032128DD67720090BB12 /* EndPoints.swift in Sources */ = {isa = PBXBuildFile; fileRef = E1B0032028DD67720090BB12 /* EndPoints.swift */; };
		E1B0032528DD79AD0090BB12 /* NetworkingAgent.swift in Sources */ = {isa = PBXBuildFile; fileRef = E1B0032428DD79AD0090BB12 /* NetworkingAgent.swift */; };
		E1B0032728DD7CF00090BB12 /* NewsDataModel.swift in Sources */ = {isa = PBXBuildFile; fileRef = E1B0032628DD7CF00090BB12 /* NewsDataModel.swift */; };
		E1B0032B28DD8DEF0090BB12 /* Constants.swift in Sources */ = {isa = PBXBuildFile; fileRef = E1B0032A28DD8DEF0090BB12 /* Constants.swift */; };
		E1B0032E28DDEBAD0090BB12 /* HomeViewModel.swift in Sources */ = {isa = PBXBuildFile; fileRef = E1B0032D28DDEBAD0090BB12 /* HomeViewModel.swift */; };
		E1B0033228DEB5090090BB12 /* HeadLineTableViewCell.swift in Sources */ = {isa = PBXBuildFile; fileRef = E1B0033128DEB5090090BB12 /* HeadLineTableViewCell.swift */; };
		E1B0033528DED5B10090BB12 /* NewsArticlesCollectionViewCell.swift in Sources */ = {isa = PBXBuildFile; fileRef = E1B0033428DED5B10090BB12 /* NewsArticlesCollectionViewCell.swift */; };
		E1B0033728DEFA800090BB12 /* Extensions.swift in Sources */ = {isa = PBXBuildFile; fileRef = E1B0033628DEFA800090BB12 /* Extensions.swift */; };
		E1B0033B28E00C950090BB12 /* RxSwiftPracticeViewController.swift in Sources */ = {isa = PBXBuildFile; fileRef = E1B0033A28E00C950090BB12 /* RxSwiftPracticeViewController.swift */; };
		E1B0033D28E00D000090BB12 /* DummyObjects.swift in Sources */ = {isa = PBXBuildFile; fileRef = E1B0033C28E00D000090BB12 /* DummyObjects.swift */; };
		E1B0034228E18A720090BB12 /* Utils.swift in Sources */ = {isa = PBXBuildFile; fileRef = E1B0034128E18A720090BB12 /* Utils.swift */; };
		E1FD4DE028E3FF1400D08082 /* OperatorsInRxSwiftViewController.swift in Sources */ = {isa = PBXBuildFile; fileRef = E1FD4DDF28E3FF1400D08082 /* OperatorsInRxSwiftViewController.swift */; };
/* End PBXBuildFile section */

/* Begin PBXFileReference section */
		2E2783FFF0DB2EB2B7CAFEB3 /* Pods-NewsApp.release.xcconfig */ = {isa = PBXFileReference; includeInIndex = 1; lastKnownFileType = text.xcconfig; name = "Pods-NewsApp.release.xcconfig"; path = "Target Support Files/Pods-NewsApp/Pods-NewsApp.release.xcconfig"; sourceTree = "<group>"; };
		91983F83553540DDA6D38AF4 /* Pods-NewsApp.debug.xcconfig */ = {isa = PBXFileReference; includeInIndex = 1; lastKnownFileType = text.xcconfig; name = "Pods-NewsApp.debug.xcconfig"; path = "Target Support Files/Pods-NewsApp/Pods-NewsApp.debug.xcconfig"; sourceTree = "<group>"; };
		E160C3EE28E5E38000AF9559 /* RealMObjects.swift */ = {isa = PBXFileReference; lastKnownFileType = sourcecode.swift; path = RealMObjects.swift; sourceTree = "<group>"; };
		E1B0030728DD62960090BB12 /* NewsApp.app */ = {isa = PBXFileReference; explicitFileType = wrapper.application; includeInIndex = 0; path = NewsApp.app; sourceTree = BUILT_PRODUCTS_DIR; };
		E1B0030A28DD62960090BB12 /* AppDelegate.swift */ = {isa = PBXFileReference; lastKnownFileType = sourcecode.swift; path = AppDelegate.swift; sourceTree = "<group>"; };
		E1B0030C28DD62960090BB12 /* SceneDelegate.swift */ = {isa = PBXFileReference; lastKnownFileType = sourcecode.swift; path = SceneDelegate.swift; sourceTree = "<group>"; };
		E1B0030E28DD62960090BB12 /* HomeViewController.swift */ = {isa = PBXFileReference; lastKnownFileType = sourcecode.swift; path = HomeViewController.swift; sourceTree = "<group>"; };
		E1B0031328DD62990090BB12 /* Assets.xcassets */ = {isa = PBXFileReference; lastKnownFileType = folder.assetcatalog; path = Assets.xcassets; sourceTree = "<group>"; };
		E1B0031828DD62990090BB12 /* Info.plist */ = {isa = PBXFileReference; lastKnownFileType = text.plist.xml; path = Info.plist; sourceTree = "<group>"; };
		E1B0032028DD67720090BB12 /* EndPoints.swift */ = {isa = PBXFileReference; lastKnownFileType = sourcecode.swift; path = EndPoints.swift; sourceTree = "<group>"; };
		E1B0032428DD79AD0090BB12 /* NetworkingAgent.swift */ = {isa = PBXFileReference; lastKnownFileType = sourcecode.swift; path = NetworkingAgent.swift; sourceTree = "<group>"; };
		E1B0032628DD7CF00090BB12 /* NewsDataModel.swift */ = {isa = PBXFileReference; lastKnownFileType = sourcecode.swift; path = NewsDataModel.swift; sourceTree = "<group>"; };
		E1B0032A28DD8DEF0090BB12 /* Constants.swift */ = {isa = PBXFileReference; lastKnownFileType = sourcecode.swift; path = Constants.swift; sourceTree = "<group>"; };
		E1B0032D28DDEBAD0090BB12 /* HomeViewModel.swift */ = {isa = PBXFileReference; lastKnownFileType = sourcecode.swift; path = HomeViewModel.swift; sourceTree = "<group>"; };
		E1B0033128DEB5090090BB12 /* HeadLineTableViewCell.swift */ = {isa = PBXFileReference; lastKnownFileType = sourcecode.swift; path = HeadLineTableViewCell.swift; sourceTree = "<group>"; };
		E1B0033428DED5B10090BB12 /* NewsArticlesCollectionViewCell.swift */ = {isa = PBXFileReference; lastKnownFileType = sourcecode.swift; path = NewsArticlesCollectionViewCell.swift; sourceTree = "<group>"; };
		E1B0033628DEFA800090BB12 /* Extensions.swift */ = {isa = PBXFileReference; lastKnownFileType = sourcecode.swift; path = Extensions.swift; sourceTree = "<group>"; };
		E1B0033A28E00C950090BB12 /* RxSwiftPracticeViewController.swift */ = {isa = PBXFileReference; lastKnownFileType = sourcecode.swift; path = RxSwiftPracticeViewController.swift; sourceTree = "<group>"; };
		E1B0033C28E00D000090BB12 /* DummyObjects.swift */ = {isa = PBXFileReference; lastKnownFileType = sourcecode.swift; path = DummyObjects.swift; sourceTree = "<group>"; };
		E1B0034128E18A720090BB12 /* Utils.swift */ = {isa = PBXFileReference; lastKnownFileType = sourcecode.swift; path = Utils.swift; sourceTree = "<group>"; };
		E1FD4DDF28E3FF1400D08082 /* OperatorsInRxSwiftViewController.swift */ = {isa = PBXFileReference; lastKnownFileType = sourcecode.swift; path = OperatorsInRxSwiftViewController.swift; sourceTree = "<group>"; };
		F6C2B72FD297DBDF422A5E7E /* Pods_NewsApp.framework */ = {isa = PBXFileReference; explicitFileType = wrapper.framework; includeInIndex = 0; path = Pods_NewsApp.framework; sourceTree = BUILT_PRODUCTS_DIR; };
/* End PBXFileReference section */

/* Begin PBXFrameworksBuildPhase section */
		E1B0030428DD62960090BB12 /* Frameworks */ = {
			isa = PBXFrameworksBuildPhase;
			buildActionMask = 2147483647;
			files = (
				3212317889EBD0D7D33DBD25 /* Pods_NewsApp.framework in Frameworks */,
			);
			runOnlyForDeploymentPostprocessing = 0;
		};
/* End PBXFrameworksBuildPhase section */

/* Begin PBXGroup section */
		1FC2C6FA1F7DAB5AC98D2557 /* Pods */ = {
			isa = PBXGroup;
			children = (
				91983F83553540DDA6D38AF4 /* Pods-NewsApp.debug.xcconfig */,
				2E2783FFF0DB2EB2B7CAFEB3 /* Pods-NewsApp.release.xcconfig */,
			);
			path = Pods;
			sourceTree = "<group>";
		};
		2A05010030F0B191E8D57F8B /* Frameworks */ = {
			isa = PBXGroup;
			children = (
				F6C2B72FD297DBDF422A5E7E /* Pods_NewsApp.framework */,
			);
			name = Frameworks;
			sourceTree = "<group>";
		};
		E160C3F028E5E38700AF9559 /* Persistent Layer */ = {
			isa = PBXGroup;
			children = (
				E160C3EE28E5E38000AF9559 /* RealMObjects.swift */,
			);
			path = "Persistent Layer";
			sourceTree = "<group>";
		};
		E1B002FE28DD62960090BB12 = {
			isa = PBXGroup;
			children = (
				E1B0030928DD62960090BB12 /* NewsApp */,
				E1B0030828DD62960090BB12 /* Products */,
				1FC2C6FA1F7DAB5AC98D2557 /* Pods */,
				2A05010030F0B191E8D57F8B /* Frameworks */,
			);
			sourceTree = "<group>";
		};
		E1B0030828DD62960090BB12 /* Products */ = {
			isa = PBXGroup;
			children = (
				E1B0030728DD62960090BB12 /* NewsApp.app */,
			);
			name = Products;
			sourceTree = "<group>";
		};
		E1B0030928DD62960090BB12 /* NewsApp */ = {
			isa = PBXGroup;
			children = (
				E1B0032928DD8DDF0090BB12 /* Constants */,
				E1B0032828DD8D4F0090BB12 /* Model */,
				E1B0031E28DD637D0090BB12 /* Delegate */,
				E1B0031F28DD63850090BB12 /* Controller */,
				E1B0032C28DDEB5F0090BB12 /* Resources */,
				E1B0031828DD62990090BB12 /* Info.plist */,
				E1B0032228DD793F0090BB12 /* Networking */,
				E1B0033028DEB1310090BB12 /* ViewModel */,
				E1B0033328DED5980090BB12 /* View */,
				E1B0034028E18A5C0090BB12 /* Utils */,
				E160C3F028E5E38700AF9559 /* Persistent Layer */,
			);
			path = NewsApp;
			sourceTree = "<group>";
		};
		E1B0031E28DD637D0090BB12 /* Delegate */ = {
			isa = PBXGroup;
			children = (
				E1B0030A28DD62960090BB12 /* AppDelegate.swift */,
				E1B0030C28DD62960090BB12 /* SceneDelegate.swift */,
			);
			path = Delegate;
			sourceTree = "<group>";
		};
		E1B0031F28DD63850090BB12 /* Controller */ = {
			isa = PBXGroup;
			children = (
				E1B0030E28DD62960090BB12 /* HomeViewController.swift */,
				E1B0033A28E00C950090BB12 /* RxSwiftPracticeViewController.swift */,
				E1FD4DDF28E3FF1400D08082 /* OperatorsInRxSwiftViewController.swift */,
			);
			path = Controller;
			sourceTree = "<group>";
		};
		E1B0032228DD793F0090BB12 /* Networking */ = {
			isa = PBXGroup;
			children = (
				E1B0032328DD795A0090BB12 /* EndPointURL */,
				E1B0032F28DE010B0090BB12 /* NetworkingAgent */,
			);
			path = Networking;
			sourceTree = "<group>";
		};
		E1B0032328DD795A0090BB12 /* EndPointURL */ = {
			isa = PBXGroup;
			children = (
				E1B0032028DD67720090BB12 /* EndPoints.swift */,
			);
			path = EndPointURL;
			sourceTree = "<group>";
		};
		E1B0032828DD8D4F0090BB12 /* Model */ = {
			isa = PBXGroup;
			children = (
				E1B0032628DD7CF00090BB12 /* NewsDataModel.swift */,
				E1B0033C28E00D000090BB12 /* DummyObjects.swift */,
			);
			path = Model;
			sourceTree = "<group>";
		};
		E1B0032928DD8DDF0090BB12 /* Constants */ = {
			isa = PBXGroup;
			children = (
				E1B0032A28DD8DEF0090BB12 /* Constants.swift */,
			);
			path = Constants;
			sourceTree = "<group>";
		};
		E1B0032C28DDEB5F0090BB12 /* Resources */ = {
			isa = PBXGroup;
			children = (
				E1B0031328DD62990090BB12 /* Assets.xcassets */,
			);
			path = Resources;
			sourceTree = "<group>";
		};
		E1B0032F28DE010B0090BB12 /* NetworkingAgent */ = {
			isa = PBXGroup;
			children = (
				E1B0032428DD79AD0090BB12 /* NetworkingAgent.swift */,
			);
			path = NetworkingAgent;
			sourceTree = "<group>";
		};
		E1B0033028DEB1310090BB12 /* ViewModel */ = {
			isa = PBXGroup;
			children = (
				E1B0032D28DDEBAD0090BB12 /* HomeViewModel.swift */,
			);
			path = ViewModel;
			sourceTree = "<group>";
		};
		E1B0033328DED5980090BB12 /* View */ = {
			isa = PBXGroup;
			children = (
				E1B0033E28E1777F0090BB12 /* TableViewCell */,
				E1B0033F28E177880090BB12 /* CollectionViewCell */,
			);
			path = View;
			sourceTree = "<group>";
		};
		E1B0033E28E1777F0090BB12 /* TableViewCell */ = {
			isa = PBXGroup;
			children = (
				E1B0033128DEB5090090BB12 /* HeadLineTableViewCell.swift */,
			);
			path = TableViewCell;
			sourceTree = "<group>";
		};
		E1B0033F28E177880090BB12 /* CollectionViewCell */ = {
			isa = PBXGroup;
			children = (
				E1B0033428DED5B10090BB12 /* NewsArticlesCollectionViewCell.swift */,
			);
			path = CollectionViewCell;
			sourceTree = "<group>";
		};
		E1B0034028E18A5C0090BB12 /* Utils */ = {
			isa = PBXGroup;
			children = (
				E1B0033628DEFA800090BB12 /* Extensions.swift */,
				E1B0034128E18A720090BB12 /* Utils.swift */,
			);
			path = Utils;
			sourceTree = "<group>";
		};
/* End PBXGroup section */

/* Begin PBXNativeTarget section */
		E1B0030628DD62960090BB12 /* NewsApp */ = {
			isa = PBXNativeTarget;
			buildConfigurationList = E1B0031B28DD62990090BB12 /* Build configuration list for PBXNativeTarget "NewsApp" */;
			buildPhases = (
				30179C24323D514DC18F84FA /* [CP] Check Pods Manifest.lock */,
				E1B0030328DD62960090BB12 /* Sources */,
				E1B0030428DD62960090BB12 /* Frameworks */,
				E1B0030528DD62960090BB12 /* Resources */,
				AC326FDD3B71C0C16FB59E06 /* [CP] Embed Pods Frameworks */,
			);
			buildRules = (
			);
			dependencies = (
			);
			name = NewsApp;
			productName = NewsApp;
			productReference = E1B0030728DD62960090BB12 /* NewsApp.app */;
			productType = "com.apple.product-type.application";
		};
/* End PBXNativeTarget section */

/* Begin PBXProject section */
		E1B002FF28DD62960090BB12 /* Project object */ = {
			isa = PBXProject;
			attributes = {
				BuildIndependentTargetsInParallel = 1;
				LastSwiftUpdateCheck = 1330;
				LastUpgradeCheck = 1330;
				TargetAttributes = {
					E1B0030628DD62960090BB12 = {
						CreatedOnToolsVersion = 13.3.1;
					};
				};
			};
			buildConfigurationList = E1B0030228DD62960090BB12 /* Build configuration list for PBXProject "NewsApp" */;
			compatibilityVersion = "Xcode 13.0";
			developmentRegion = en;
			hasScannedForEncodings = 0;
			knownRegions = (
				en,
				Base,
			);
			mainGroup = E1B002FE28DD62960090BB12;
			productRefGroup = E1B0030828DD62960090BB12 /* Products */;
			projectDirPath = "";
			projectRoot = "";
			targets = (
				E1B0030628DD62960090BB12 /* NewsApp */,
			);
		};
/* End PBXProject section */

/* Begin PBXResourcesBuildPhase section */
		E1B0030528DD62960090BB12 /* Resources */ = {
			isa = PBXResourcesBuildPhase;
			buildActionMask = 2147483647;
			files = (
				E1B0031428DD62990090BB12 /* Assets.xcassets in Resources */,
			);
			runOnlyForDeploymentPostprocessing = 0;
		};
/* End PBXResourcesBuildPhase section */

/* Begin PBXShellScriptBuildPhase section */
		30179C24323D514DC18F84FA /* [CP] Check Pods Manifest.lock */ = {
			isa = PBXShellScriptBuildPhase;
			buildActionMask = 2147483647;
			files = (
			);
			inputFileListPaths = (
			);
			inputPaths = (
				"${PODS_PODFILE_DIR_PATH}/Podfile.lock",
				"${PODS_ROOT}/Manifest.lock",
			);
			name = "[CP] Check Pods Manifest.lock";
			outputFileListPaths = (
			);
			outputPaths = (
				"$(DERIVED_FILE_DIR)/Pods-NewsApp-checkManifestLockResult.txt",
			);
			runOnlyForDeploymentPostprocessing = 0;
			shellPath = /bin/sh;
			shellScript = "diff \"${PODS_PODFILE_DIR_PATH}/Podfile.lock\" \"${PODS_ROOT}/Manifest.lock\" > /dev/null\nif [ $? != 0 ] ; then\n    # print error to STDERR\n    echo \"error: The sandbox is not in sync with the Podfile.lock. Run 'pod install' or update your CocoaPods installation.\" >&2\n    exit 1\nfi\n# This output is used by Xcode 'outputs' to avoid re-running this script phase.\necho \"SUCCESS\" > \"${SCRIPT_OUTPUT_FILE_0}\"\n";
			showEnvVarsInLog = 0;
		};
		AC326FDD3B71C0C16FB59E06 /* [CP] Embed Pods Frameworks */ = {
			isa = PBXShellScriptBuildPhase;
			buildActionMask = 2147483647;
			files = (
			);
			inputFileListPaths = (
				"${PODS_ROOT}/Target Support Files/Pods-NewsApp/Pods-NewsApp-frameworks-${CONFIGURATION}-input-files.xcfilelist",
			);
			name = "[CP] Embed Pods Frameworks";
			outputFileListPaths = (
				"${PODS_ROOT}/Target Support Files/Pods-NewsApp/Pods-NewsApp-frameworks-${CONFIGURATION}-output-files.xcfilelist",
			);
			runOnlyForDeploymentPostprocessing = 0;
			shellPath = /bin/sh;
			shellScript = "\"${PODS_ROOT}/Target Support Files/Pods-NewsApp/Pods-NewsApp-frameworks.sh\"\n";
			showEnvVarsInLog = 0;
		};
/* End PBXShellScriptBuildPhase section */

/* Begin PBXSourcesBuildPhase section */
		E1B0030328DD62960090BB12 /* Sources */ = {
			isa = PBXSourcesBuildPhase;
			buildActionMask = 2147483647;
			files = (
				E1B0033D28E00D000090BB12 /* DummyObjects.swift in Sources */,
				E1B0030F28DD62960090BB12 /* HomeViewController.swift in Sources */,
				E1FD4DE028E3FF1400D08082 /* OperatorsInRxSwiftViewController.swift in Sources */,
				E1B0030B28DD62960090BB12 /* AppDelegate.swift in Sources */,
				E1B0034228E18A720090BB12 /* Utils.swift in Sources */,
				E1B0032728DD7CF00090BB12 /* NewsDataModel.swift in Sources */,
				E1B0032128DD67720090BB12 /* EndPoints.swift in Sources */,
				E1B0032B28DD8DEF0090BB12 /* Constants.swift in Sources */,
				E160C3EF28E5E38000AF9559 /* RealMObjects.swift in Sources */,
				E1B0030D28DD62960090BB12 /* SceneDelegate.swift in Sources */,
				E1B0032E28DDEBAD0090BB12 /* HomeViewModel.swift in Sources */,
				E1B0033B28E00C950090BB12 /* RxSwiftPracticeViewController.swift in Sources */,
				E1B0033228DEB5090090BB12 /* HeadLineTableViewCell.swift in Sources */,
				E1B0033528DED5B10090BB12 /* NewsArticlesCollectionViewCell.swift in Sources */,
				E1B0033728DEFA800090BB12 /* Extensions.swift in Sources */,
				E1B0032528DD79AD0090BB12 /* NetworkingAgent.swift in Sources */,
			);
			runOnlyForDeploymentPostprocessing = 0;
		};
/* End PBXSourcesBuildPhase section */

/* Begin XCBuildConfiguration section */
		E1B0031928DD62990090BB12 /* Debug */ = {
			isa = XCBuildConfiguration;
			buildSettings = {
				ALWAYS_SEARCH_USER_PATHS = NO;
				CLANG_ANALYZER_NONNULL = YES;
				CLANG_ANALYZER_NUMBER_OBJECT_CONVERSION = YES_AGGRESSIVE;
				CLANG_CXX_LANGUAGE_STANDARD = "gnu++17";
				CLANG_ENABLE_MODULES = YES;
				CLANG_ENABLE_OBJC_ARC = YES;
				CLANG_ENABLE_OBJC_WEAK = YES;
				CLANG_WARN_BLOCK_CAPTURE_AUTORELEASING = YES;
				CLANG_WARN_BOOL_CONVERSION = YES;
				CLANG_WARN_COMMA = YES;
				CLANG_WARN_CONSTANT_CONVERSION = YES;
				CLANG_WARN_DEPRECATED_OBJC_IMPLEMENTATIONS = YES;
				CLANG_WARN_DIRECT_OBJC_ISA_USAGE = YES_ERROR;
				CLANG_WARN_DOCUMENTATION_COMMENTS = YES;
				CLANG_WARN_EMPTY_BODY = YES;
				CLANG_WARN_ENUM_CONVERSION = YES;
				CLANG_WARN_INFINITE_RECURSION = YES;
				CLANG_WARN_INT_CONVERSION = YES;
				CLANG_WARN_NON_LITERAL_NULL_CONVERSION = YES;
				CLANG_WARN_OBJC_IMPLICIT_RETAIN_SELF = YES;
				CLANG_WARN_OBJC_LITERAL_CONVERSION = YES;
				CLANG_WARN_OBJC_ROOT_CLASS = YES_ERROR;
				CLANG_WARN_QUOTED_INCLUDE_IN_FRAMEWORK_HEADER = YES;
				CLANG_WARN_RANGE_LOOP_ANALYSIS = YES;
				CLANG_WARN_STRICT_PROTOTYPES = YES;
				CLANG_WARN_SUSPICIOUS_MOVE = YES;
				CLANG_WARN_UNGUARDED_AVAILABILITY = YES_AGGRESSIVE;
				CLANG_WARN_UNREACHABLE_CODE = YES;
				CLANG_WARN__DUPLICATE_METHOD_MATCH = YES;
				COPY_PHASE_STRIP = NO;
				DEBUG_INFORMATION_FORMAT = dwarf;
				ENABLE_STRICT_OBJC_MSGSEND = YES;
				ENABLE_TESTABILITY = YES;
				GCC_C_LANGUAGE_STANDARD = gnu11;
				GCC_DYNAMIC_NO_PIC = NO;
				GCC_NO_COMMON_BLOCKS = YES;
				GCC_OPTIMIZATION_LEVEL = 0;
				GCC_PREPROCESSOR_DEFINITIONS = (
					"DEBUG=1",
					"$(inherited)",
				);
				GCC_WARN_64_TO_32_BIT_CONVERSION = YES;
				GCC_WARN_ABOUT_RETURN_TYPE = YES_ERROR;
				GCC_WARN_UNDECLARED_SELECTOR = YES;
				GCC_WARN_UNINITIALIZED_AUTOS = YES_AGGRESSIVE;
				GCC_WARN_UNUSED_FUNCTION = YES;
				GCC_WARN_UNUSED_VARIABLE = YES;
				IPHONEOS_DEPLOYMENT_TARGET = 15.4;
				MTL_ENABLE_DEBUG_INFO = INCLUDE_SOURCE;
				MTL_FAST_MATH = YES;
				ONLY_ACTIVE_ARCH = YES;
				SDKROOT = iphoneos;
				SWIFT_ACTIVE_COMPILATION_CONDITIONS = DEBUG;
				SWIFT_OPTIMIZATION_LEVEL = "-Onone";
			};
			name = Debug;
		};
		E1B0031A28DD62990090BB12 /* Release */ = {
			isa = XCBuildConfiguration;
			buildSettings = {
				ALWAYS_SEARCH_USER_PATHS = NO;
				CLANG_ANALYZER_NONNULL = YES;
				CLANG_ANALYZER_NUMBER_OBJECT_CONVERSION = YES_AGGRESSIVE;
				CLANG_CXX_LANGUAGE_STANDARD = "gnu++17";
				CLANG_ENABLE_MODULES = YES;
				CLANG_ENABLE_OBJC_ARC = YES;
				CLANG_ENABLE_OBJC_WEAK = YES;
				CLANG_WARN_BLOCK_CAPTURE_AUTORELEASING = YES;
				CLANG_WARN_BOOL_CONVERSION = YES;
				CLANG_WARN_COMMA = YES;
				CLANG_WARN_CONSTANT_CONVERSION = YES;
				CLANG_WARN_DEPRECATED_OBJC_IMPLEMENTATIONS = YES;
				CLANG_WARN_DIRECT_OBJC_ISA_USAGE = YES_ERROR;
				CLANG_WARN_DOCUMENTATION_COMMENTS = YES;
				CLANG_WARN_EMPTY_BODY = YES;
				CLANG_WARN_ENUM_CONVERSION = YES;
				CLANG_WARN_INFINITE_RECURSION = YES;
				CLANG_WARN_INT_CONVERSION = YES;
				CLANG_WARN_NON_LITERAL_NULL_CONVERSION = YES;
				CLANG_WARN_OBJC_IMPLICIT_RETAIN_SELF = YES;
				CLANG_WARN_OBJC_LITERAL_CONVERSION = YES;
				CLANG_WARN_OBJC_ROOT_CLASS = YES_ERROR;
				CLANG_WARN_QUOTED_INCLUDE_IN_FRAMEWORK_HEADER = YES;
				CLANG_WARN_RANGE_LOOP_ANALYSIS = YES;
				CLANG_WARN_STRICT_PROTOTYPES = YES;
				CLANG_WARN_SUSPICIOUS_MOVE = YES;
				CLANG_WARN_UNGUARDED_AVAILABILITY = YES_AGGRESSIVE;
				CLANG_WARN_UNREACHABLE_CODE = YES;
				CLANG_WARN__DUPLICATE_METHOD_MATCH = YES;
				COPY_PHASE_STRIP = NO;
				DEBUG_INFORMATION_FORMAT = "dwarf-with-dsym";
				ENABLE_NS_ASSERTIONS = NO;
				ENABLE_STRICT_OBJC_MSGSEND = YES;
				GCC_C_LANGUAGE_STANDARD = gnu11;
				GCC_NO_COMMON_BLOCKS = YES;
				GCC_WARN_64_TO_32_BIT_CONVERSION = YES;
				GCC_WARN_ABOUT_RETURN_TYPE = YES_ERROR;
				GCC_WARN_UNDECLARED_SELECTOR = YES;
				GCC_WARN_UNINITIALIZED_AUTOS = YES_AGGRESSIVE;
				GCC_WARN_UNUSED_FUNCTION = YES;
				GCC_WARN_UNUSED_VARIABLE = YES;
				IPHONEOS_DEPLOYMENT_TARGET = 15.4;
				MTL_ENABLE_DEBUG_INFO = NO;
				MTL_FAST_MATH = YES;
				SDKROOT = iphoneos;
				SWIFT_COMPILATION_MODE = wholemodule;
				SWIFT_OPTIMIZATION_LEVEL = "-O";
				VALIDATE_PRODUCT = YES;
			};
			name = Release;
		};
		E1B0031C28DD62990090BB12 /* Debug */ = {
			isa = XCBuildConfiguration;
			baseConfigurationReference = 91983F83553540DDA6D38AF4 /* Pods-NewsApp.debug.xcconfig */;
			buildSettings = {
				ASSETCATALOG_COMPILER_APPICON_NAME = AppIcon;
				ASSETCATALOG_COMPILER_GLOBAL_ACCENT_COLOR_NAME = AccentColor;
				CODE_SIGN_STYLE = Automatic;
				CURRENT_PROJECT_VERSION = 1;
				DEVELOPMENT_TEAM = JHPZ4264U2;
				GENERATE_INFOPLIST_FILE = YES;
				INFOPLIST_FILE = NewsApp/Info.plist;
				INFOPLIST_KEY_UIApplicationSupportsIndirectInputEvents = YES;
				INFOPLIST_KEY_UILaunchStoryboardName = LaunchScreen;
				INFOPLIST_KEY_UISupportedInterfaceOrientations_iPad = "UIInterfaceOrientationPortrait UIInterfaceOrientationPortraitUpsideDown UIInterfaceOrientationLandscapeLeft UIInterfaceOrientationLandscapeRight";
				INFOPLIST_KEY_UISupportedInterfaceOrientations_iPhone = "UIInterfaceOrientationPortrait UIInterfaceOrientationLandscapeLeft UIInterfaceOrientationLandscapeRight";
				LD_RUNPATH_SEARCH_PATHS = (
					"$(inherited)",
					"@executable_path/Frameworks",
				);
				MARKETING_VERSION = 1.0;
				PRODUCT_BUNDLE_IDENTIFIER = com.padc.NewsApp;
				PRODUCT_NAME = "$(TARGET_NAME)";
				SWIFT_EMIT_LOC_STRINGS = YES;
				SWIFT_VERSION = 5.0;
				TARGETED_DEVICE_FAMILY = "1,2";
			};
			name = Debug;
		};
		E1B0031D28DD62990090BB12 /* Release */ = {
			isa = XCBuildConfiguration;
			baseConfigurationReference = 2E2783FFF0DB2EB2B7CAFEB3 /* Pods-NewsApp.release.xcconfig */;
			buildSettings = {
				ASSETCATALOG_COMPILER_APPICON_NAME = AppIcon;
				ASSETCATALOG_COMPILER_GLOBAL_ACCENT_COLOR_NAME = AccentColor;
				CODE_SIGN_STYLE = Automatic;
				CURRENT_PROJECT_VERSION = 1;
				DEVELOPMENT_TEAM = JHPZ4264U2;
				GENERATE_INFOPLIST_FILE = YES;
				INFOPLIST_FILE = NewsApp/Info.plist;
				INFOPLIST_KEY_UIApplicationSupportsIndirectInputEvents = YES;
				INFOPLIST_KEY_UILaunchStoryboardName = LaunchScreen;
				INFOPLIST_KEY_UISupportedInterfaceOrientations_iPad = "UIInterfaceOrientationPortrait UIInterfaceOrientationPortraitUpsideDown UIInterfaceOrientationLandscapeLeft UIInterfaceOrientationLandscapeRight";
				INFOPLIST_KEY_UISupportedInterfaceOrientations_iPhone = "UIInterfaceOrientationPortrait UIInterfaceOrientationLandscapeLeft UIInterfaceOrientationLandscapeRight";
				LD_RUNPATH_SEARCH_PATHS = (
					"$(inherited)",
					"@executable_path/Frameworks",
				);
				MARKETING_VERSION = 1.0;
				PRODUCT_BUNDLE_IDENTIFIER = com.padc.NewsApp;
				PRODUCT_NAME = "$(TARGET_NAME)";
				SWIFT_EMIT_LOC_STRINGS = YES;
				SWIFT_VERSION = 5.0;
				TARGETED_DEVICE_FAMILY = "1,2";
			};
			name = Release;
		};
/* End XCBuildConfiguration section */

/* Begin XCConfigurationList section */
		E1B0030228DD62960090BB12 /* Build configuration list for PBXProject "NewsApp" */ = {
			isa = XCConfigurationList;
			buildConfigurations = (
				E1B0031928DD62990090BB12 /* Debug */,
				E1B0031A28DD62990090BB12 /* Release */,
			);
			defaultConfigurationIsVisible = 0;
			defaultConfigurationName = Release;
		};
		E1B0031B28DD62990090BB12 /* Build configuration list for PBXNativeTarget "NewsApp" */ = {
			isa = XCConfigurationList;
			buildConfigurations = (
				E1B0031C28DD62990090BB12 /* Debug */,
				E1B0031D28DD62990090BB12 /* Release */,
			);
			defaultConfigurationIsVisible = 0;
			defaultConfigurationName = Release;
		};
/* End XCConfigurationList section */
	};
	rootObject = E1B002FF28DD62960090BB12 /* Project object */;
}
